<?xml version="1.0" encoding="utf-8"?>
<Project ToolsVersion="4.0" xmlns="http://schemas.microsoft.com/developer/msbuild/2003">
  <ItemGroup>
    <Filter Include="Source Files">
      <UniqueIdentifier>{4FC737F1-C7A5-4376-A066-2A32D752A2FF}</UniqueIdentifier>
      <Extensions>cpp;c;cc;cxx;def;odl;idl;hpj;bat;asm;asmx</Extensions>
    </Filter>
    <Filter Include="rt">
      <UniqueIdentifier>{6773a314-c189-4362-a43c-2c96c9fe730c}</UniqueIdentifier>
    </Filter>
  </ItemGroup>
  <ItemGroup>
    <ClCompile Include="source\main.cpp">
      <Filter>Source Files</Filter>
    </ClCompile>
    <ClCompile Include="source\maincontroller.cpp">
      <Filter>Source Files</Filter>
    </ClCompile>
    <ClCompile Include="..\..\include\et-ext\rt\rt.pack.cxx">
      <Filter>rt</Filter>
    </ClCompile>
    <ClCompile Include="..\..\include\et-ext\rt\sampler.cpp">
      <Filter>rt</Filter>
    </ClCompile>
    <ClCompile Include="..\..\include\et-ext\rt\reconstruction.cpp">
      <Filter>rt</Filter>
    </ClCompile>
  </ItemGroup>
  <ItemGroup>
    <ClInclude Include="source\maincontroller.hpp">
      <Filter>Source Files</Filter>
    </ClInclude>
    <ClInclude Include="..\..\include\et-ext\rt\bsdf.h">
      <Filter>rt</Filter>
    </ClInclude>
    <ClInclude Include="..\..\include\et-ext\rt\environment.h">
      <Filter>rt</Filter>
    </ClInclude>
    <ClInclude Include="..\..\include\et-ext\rt\integrator.h">
      <Filter>rt</Filter>
    </ClInclude>
    <ClInclude Include="..\..\include\et-ext\rt\kdtree.h">
      <Filter>rt</Filter>
    </ClInclude>
    <ClInclude Include="..\..\include\et-ext\rt\raytrace.h">
      <Filter>rt</Filter>
    </ClInclude>
    <ClInclude Include="..\..\include\et-ext\rt\raytraceobjects.h">
      <Filter>rt</Filter>
    </ClInclude>
    <ClInclude Include="..\..\include\et-ext\rt\raytraceobjects.cpp">
      <Filter>rt</Filter>
    </ClInclude>
    <ClInclude Include="..\..\include\et-ext\rt\raytrace.cpp">
      <Filter>rt</Filter>
    </ClInclude>
    <ClInclude Include="..\..\include\et-ext\rt\kdtree.cpp">
      <Filter>rt</Filter>
    </ClInclude>
    <ClInclude Include="..\..\include\et-ext\rt\integrator.cpp">
      <Filter>rt</Filter>
    </ClInclude>
    <ClInclude Include="..\..\include\et-ext\rt\environment.cpp">
      <Filter>rt</Filter>
    </ClInclude>
    <ClInclude Include="..\..\include\et-ext\rt\bsdf.cpp">
      <Filter>rt</Filter>
    </ClInclude>
    <ClInclude Include="..\..\include\et-ext\rt\sampler.h">
      <Filter>rt</Filter>
    </ClInclude>
    <ClInclude Include="..\..\include\et-ext\rt\reconstruction.h">
      <Filter>rt</Filter>
    </ClInclude>
  </ItemGroup>
</Project>